// !$*UTF8*$!
{
	archiveVersion = 1;
	classes = {
	};
	objectVersion = 46;
	objects = {

/* Begin PBXBuildFile section */
		1A3E910B1EA0CC0A00769DCC /* LoginStoryBoard.storyboard in Resources */ = {isa = PBXBuildFile; fileRef = 1A3E910A1EA0CC0A00769DCC /* LoginStoryBoard.storyboard */; };
		1A3E910D1EA0CC2300769DCC /* ProfileStoryBoard.storyboard in Resources */ = {isa = PBXBuildFile; fileRef = 1A3E910C1EA0CC2300769DCC /* ProfileStoryBoard.storyboard */; };
		1A4DF3591EA0BD54005B76EF /* AppDelegate.swift in Sources */ = {isa = PBXBuildFile; fileRef = 1A4DF3581EA0BD54005B76EF /* AppDelegate.swift */; };
		1A4DF35B1EA0BD54005B76EF /* ViewController.swift in Sources */ = {isa = PBXBuildFile; fileRef = 1A4DF35A1EA0BD54005B76EF /* ViewController.swift */; };
		1A4DF35E1EA0BD54005B76EF /* Main.storyboard in Resources */ = {isa = PBXBuildFile; fileRef = 1A4DF35C1EA0BD54005B76EF /* Main.storyboard */; };
		1A4DF3601EA0BD54005B76EF /* Assets.xcassets in Resources */ = {isa = PBXBuildFile; fileRef = 1A4DF35F1EA0BD54005B76EF /* Assets.xcassets */; };
		1A4DF3631EA0BD54005B76EF /* LaunchScreen.storyboard in Resources */ = {isa = PBXBuildFile; fileRef = 1A4DF3611EA0BD54005B76EF /* LaunchScreen.storyboard */; };
		1A4DF36B1EA0C027005B76EF /* GoogleService-Info.plist in Resources */ = {isa = PBXBuildFile; fileRef = 1A4DF36A1EA0C027005B76EF /* GoogleService-Info.plist */; };
		1AD145491EA258D100C42B6F /* UploadViewController.swift in Sources */ = {isa = PBXBuildFile; fileRef = 1AD145481EA258D100C42B6F /* UploadViewController.swift */; };
		1AD1454B1EA371C800C42B6F /* Extensions.swift in Sources */ = {isa = PBXBuildFile; fileRef = 1AD1454A1EA371C800C42B6F /* Extensions.swift */; };
		1AECA3411EA1E651003236F1 /* picturePostViewCell.swift in Sources */ = {isa = PBXBuildFile; fileRef = 1AECA33F1EA1E651003236F1 /* picturePostViewCell.swift */; };
		1AECA3421EA1E651003236F1 /* picturePostViewCell.xib in Resources */ = {isa = PBXBuildFile; fileRef = 1AECA3401EA1E651003236F1 /* picturePostViewCell.xib */; };
		1AECA3441EA1FE18003236F1 /* picturePost.swift in Sources */ = {isa = PBXBuildFile; fileRef = 1AECA3431EA1FE18003236F1 /* picturePost.swift */; };
		1AECA3481EA20D4D003236F1 /* User.swift in Sources */ = {isa = PBXBuildFile; fileRef = 1AECA3471EA20D4D003236F1 /* User.swift */; };
		3D2DA31B1EA33D5F00F77298 /* Bolts.framework in Frameworks */ = {isa = PBXBuildFile; fileRef = 3D2DA3171EA33D5F00F77298 /* Bolts.framework */; };
		3D2DA31C1EA33D6000F77298 /* FBSDKCoreKit.framework in Frameworks */ = {isa = PBXBuildFile; fileRef = 3D2DA3181EA33D5F00F77298 /* FBSDKCoreKit.framework */; };
		3D2DA31D1EA33D6000F77298 /* FBSDKLoginKit.framework in Frameworks */ = {isa = PBXBuildFile; fileRef = 3D2DA3191EA33D5F00F77298 /* FBSDKLoginKit.framework */; };
		3D2DA31E1EA33D6000F77298 /* FBSDKShareKit.framework in Frameworks */ = {isa = PBXBuildFile; fileRef = 3D2DA31A1EA33D5F00F77298 /* FBSDKShareKit.framework */; };
		3D2DA3201EA4611A00F77298 /* DetailViewController.swift in Sources */ = {isa = PBXBuildFile; fileRef = 3D2DA31F1EA4611A00F77298 /* DetailViewController.swift */; };
		3D7E9A141EA0D28300492761 /* LoginViewController.swift in Sources */ = {isa = PBXBuildFile; fileRef = 3D7E9A131EA0D28300492761 /* LoginViewController.swift */; };
		3D7E9A161EA0D2B600492761 /* SignupViewController.swift in Sources */ = {isa = PBXBuildFile; fileRef = 3D7E9A151EA0D2B600492761 /* SignupViewController.swift */; };
		3D893E9B1EA62127005891A7 /* EditProfileViewController.swift in Sources */ = {isa = PBXBuildFile; fileRef = 3D893E9A1EA62127005891A7 /* EditProfileViewController.swift */; };
		7A15D97B1EA45F65004FDD55 /* SearchTableViewCell.swift in Sources */ = {isa = PBXBuildFile; fileRef = 7A15D9791EA45F65004FDD55 /* SearchTableViewCell.swift */; };
		7A15D97C1EA45F65004FDD55 /* SearchTableViewCell.xib in Resources */ = {isa = PBXBuildFile; fileRef = 7A15D97A1EA45F65004FDD55 /* SearchTableViewCell.xib */; };
		7A76C1F91EA5CEFE0020C20F /* ExploreViewController.swift in Sources */ = {isa = PBXBuildFile; fileRef = 7A76C1F81EA5CEFE0020C20F /* ExploreViewController.swift */; };
		7A76C1FB1EA5E0440020C20F /* PersonalProfileViewController.swift in Sources */ = {isa = PBXBuildFile; fileRef = 7A76C1FA1EA5E0440020C20F /* PersonalProfileViewController.swift */; };
		7A76C2021EA60D610020C20F /* PeoplePostViewCell.swift in Sources */ = {isa = PBXBuildFile; fileRef = 7A76C2001EA60D610020C20F /* PeoplePostViewCell.swift */; };
		7A76C2031EA60D610020C20F /* PeoplePostViewCell.xib in Resources */ = {isa = PBXBuildFile; fileRef = 7A76C2011EA60D610020C20F /* PeoplePostViewCell.xib */; };
		7AA23D5E1EA3A0A900DA9C08 /* SearchViewController.swift in Sources */ = {isa = PBXBuildFile; fileRef = 7AA23D5D1EA3A0A900DA9C08 /* SearchViewController.swift */; };
		7AC3F42F1EA4A23E0023A22F /* testCollectionViewCell.swift in Sources */ = {isa = PBXBuildFile; fileRef = 7AC3F42E1EA4A23E0023A22F /* testCollectionViewCell.swift */; };
		7AC3F4311EA4A25A0023A22F /* testSearchViewController.swift in Sources */ = {isa = PBXBuildFile; fileRef = 7AC3F4301EA4A25A0023A22F /* testSearchViewController.swift */; };
		7AC3F4331EA4A4170023A22F /* CustomImageFlowLayout.swift in Sources */ = {isa = PBXBuildFile; fileRef = 7AC3F4321EA4A4170023A22F /* CustomImageFlowLayout.swift */; };
		D315A1FDFE78D09AF8162430 /* Pods_Delaygram.framework in Frameworks */ = {isa = PBXBuildFile; fileRef = 16542BBE5D7CD165DD8D2B63 /* Pods_Delaygram.framework */; };
/* End PBXBuildFile section */

/* Begin PBXFileReference section */
		16542BBE5D7CD165DD8D2B63 /* Pods_Delaygram.framework */ = {isa = PBXFileReference; explicitFileType = wrapper.framework; includeInIndex = 0; path = Pods_Delaygram.framework; sourceTree = BUILT_PRODUCTS_DIR; };
		1A3E910A1EA0CC0A00769DCC /* LoginStoryBoard.storyboard */ = {isa = PBXFileReference; fileEncoding = 4; lastKnownFileType = file.storyboard; name = LoginStoryBoard.storyboard; path = Delaygram/LoginStoryBoard.storyboard; sourceTree = "<group>"; };
		1A3E910C1EA0CC2300769DCC /* ProfileStoryBoard.storyboard */ = {isa = PBXFileReference; fileEncoding = 4; lastKnownFileType = file.storyboard; path = ProfileStoryBoard.storyboard; sourceTree = "<group>"; };
		1A4DF3551EA0BD54005B76EF /* Delaygram.app */ = {isa = PBXFileReference; explicitFileType = wrapper.application; includeInIndex = 0; path = Delaygram.app; sourceTree = BUILT_PRODUCTS_DIR; };
		1A4DF3581EA0BD54005B76EF /* AppDelegate.swift */ = {isa = PBXFileReference; lastKnownFileType = sourcecode.swift; path = AppDelegate.swift; sourceTree = "<group>"; };
		1A4DF35A1EA0BD54005B76EF /* ViewController.swift */ = {isa = PBXFileReference; lastKnownFileType = sourcecode.swift; path = ViewController.swift; sourceTree = "<group>"; };
		1A4DF35D1EA0BD54005B76EF /* Base */ = {isa = PBXFileReference; lastKnownFileType = file.storyboard; name = Base; path = Base.lproj/Main.storyboard; sourceTree = "<group>"; };
		1A4DF35F1EA0BD54005B76EF /* Assets.xcassets */ = {isa = PBXFileReference; lastKnownFileType = folder.assetcatalog; path = Assets.xcassets; sourceTree = "<group>"; };
		1A4DF3621EA0BD54005B76EF /* Base */ = {isa = PBXFileReference; lastKnownFileType = file.storyboard; name = Base; path = Base.lproj/LaunchScreen.storyboard; sourceTree = "<group>"; };
		1A4DF3641EA0BD54005B76EF /* Info.plist */ = {isa = PBXFileReference; lastKnownFileType = text.plist.xml; path = Info.plist; sourceTree = "<group>"; };
		1A4DF36A1EA0C027005B76EF /* GoogleService-Info.plist */ = {isa = PBXFileReference; fileEncoding = 4; lastKnownFileType = text.plist.xml; path = "GoogleService-Info.plist"; sourceTree = "<group>"; };
		1AD145481EA258D100C42B6F /* UploadViewController.swift */ = {isa = PBXFileReference; fileEncoding = 4; lastKnownFileType = sourcecode.swift; path = UploadViewController.swift; sourceTree = "<group>"; };
		1AD1454A1EA371C800C42B6F /* Extensions.swift */ = {isa = PBXFileReference; fileEncoding = 4; lastKnownFileType = sourcecode.swift; path = Extensions.swift; sourceTree = "<group>"; };
		1AECA33F1EA1E651003236F1 /* picturePostViewCell.swift */ = {isa = PBXFileReference; fileEncoding = 4; lastKnownFileType = sourcecode.swift; name = picturePostViewCell.swift; path = ../picturePostViewCell.swift; sourceTree = "<group>"; };
		1AECA3401EA1E651003236F1 /* picturePostViewCell.xib */ = {isa = PBXFileReference; fileEncoding = 4; lastKnownFileType = file.xib; name = picturePostViewCell.xib; path = ../picturePostViewCell.xib; sourceTree = "<group>"; };
		1AECA3431EA1FE18003236F1 /* picturePost.swift */ = {isa = PBXFileReference; fileEncoding = 4; lastKnownFileType = sourcecode.swift; path = picturePost.swift; sourceTree = "<group>"; };
		1AECA3471EA20D4D003236F1 /* User.swift */ = {isa = PBXFileReference; fileEncoding = 4; lastKnownFileType = sourcecode.swift; path = User.swift; sourceTree = "<group>"; };
		3D2DA3171EA33D5F00F77298 /* Bolts.framework */ = {isa = PBXFileReference; lastKnownFileType = wrapper.framework; name = Bolts.framework; path = "../../../Programs/FacebookSDKs-iOS-4.21.0/Bolts.framework"; sourceTree = "<group>"; };
		3D2DA3181EA33D5F00F77298 /* FBSDKCoreKit.framework */ = {isa = PBXFileReference; lastKnownFileType = wrapper.framework; name = FBSDKCoreKit.framework; path = "../../../Programs/FacebookSDKs-iOS-4.21.0/FBSDKCoreKit.framework"; sourceTree = "<group>"; };
		3D2DA3191EA33D5F00F77298 /* FBSDKLoginKit.framework */ = {isa = PBXFileReference; lastKnownFileType = wrapper.framework; name = FBSDKLoginKit.framework; path = "../../../Programs/FacebookSDKs-iOS-4.21.0/FBSDKLoginKit.framework"; sourceTree = "<group>"; };
		3D2DA31A1EA33D5F00F77298 /* FBSDKShareKit.framework */ = {isa = PBXFileReference; lastKnownFileType = wrapper.framework; name = FBSDKShareKit.framework; path = "../../../Programs/FacebookSDKs-iOS-4.21.0/FBSDKShareKit.framework"; sourceTree = "<group>"; };
		3D2DA31F1EA4611A00F77298 /* DetailViewController.swift */ = {isa = PBXFileReference; fileEncoding = 4; lastKnownFileType = sourcecode.swift; path = DetailViewController.swift; sourceTree = "<group>"; };
		3D7E9A131EA0D28300492761 /* LoginViewController.swift */ = {isa = PBXFileReference; fileEncoding = 4; lastKnownFileType = sourcecode.swift; path = LoginViewController.swift; sourceTree = "<group>"; };
		3D7E9A151EA0D2B600492761 /* SignupViewController.swift */ = {isa = PBXFileReference; fileEncoding = 4; lastKnownFileType = sourcecode.swift; path = SignupViewController.swift; sourceTree = "<group>"; };
		3D893E941EA5D2A6005891A7 /* Delaygram.entitlements */ = {isa = PBXFileReference; lastKnownFileType = text.plist.entitlements; path = Delaygram.entitlements; sourceTree = "<group>"; };
		3D893E951EA5D34A005891A7 /* Delaygram-Bridging-Header.h */ = {isa = PBXFileReference; lastKnownFileType = sourcecode.c.h; path = "Delaygram-Bridging-Header.h"; sourceTree = "<group>"; };
		3D893E9A1EA62127005891A7 /* EditProfileViewController.swift */ = {isa = PBXFileReference; fileEncoding = 4; lastKnownFileType = sourcecode.swift; path = EditProfileViewController.swift; sourceTree = "<group>"; };
		7A15D9791EA45F65004FDD55 /* SearchTableViewCell.swift */ = {isa = PBXFileReference; fileEncoding = 4; lastKnownFileType = sourcecode.swift; path = SearchTableViewCell.swift; sourceTree = "<group>"; };
		7A15D97A1EA45F65004FDD55 /* SearchTableViewCell.xib */ = {isa = PBXFileReference; fileEncoding = 4; lastKnownFileType = file.xib; path = SearchTableViewCell.xib; sourceTree = "<group>"; };
		7A76C1F81EA5CEFE0020C20F /* ExploreViewController.swift */ = {isa = PBXFileReference; fileEncoding = 4; lastKnownFileType = sourcecode.swift; path = ExploreViewController.swift; sourceTree = "<group>"; };
		7A76C1FA1EA5E0440020C20F /* PersonalProfileViewController.swift */ = {isa = PBXFileReference; fileEncoding = 4; lastKnownFileType = sourcecode.swift; path = PersonalProfileViewController.swift; sourceTree = "<group>"; };
		7A76C2001EA60D610020C20F /* PeoplePostViewCell.swift */ = {isa = PBXFileReference; fileEncoding = 4; lastKnownFileType = sourcecode.swift; path = PeoplePostViewCell.swift; sourceTree = "<group>"; };
		7A76C2011EA60D610020C20F /* PeoplePostViewCell.xib */ = {isa = PBXFileReference; fileEncoding = 4; lastKnownFileType = file.xib; path = PeoplePostViewCell.xib; sourceTree = "<group>"; };
		7AA23D5D1EA3A0A900DA9C08 /* SearchViewController.swift */ = {isa = PBXFileReference; fileEncoding = 4; lastKnownFileType = sourcecode.swift; path = SearchViewController.swift; sourceTree = "<group>"; };
		7AC3F42E1EA4A23E0023A22F /* testCollectionViewCell.swift */ = {isa = PBXFileReference; fileEncoding = 4; lastKnownFileType = sourcecode.swift; path = testCollectionViewCell.swift; sourceTree = "<group>"; };
		7AC3F4301EA4A25A0023A22F /* testSearchViewController.swift */ = {isa = PBXFileReference; fileEncoding = 4; lastKnownFileType = sourcecode.swift; path = testSearchViewController.swift; sourceTree = "<group>"; };
		7AC3F4321EA4A4170023A22F /* CustomImageFlowLayout.swift */ = {isa = PBXFileReference; fileEncoding = 4; lastKnownFileType = sourcecode.swift; path = CustomImageFlowLayout.swift; sourceTree = "<group>"; };
		DB353FD1B3DBA1CA0D489731 /* Pods-Delaygram.debug.xcconfig */ = {isa = PBXFileReference; includeInIndex = 1; lastKnownFileType = text.xcconfig; name = "Pods-Delaygram.debug.xcconfig"; path = "Pods/Target Support Files/Pods-Delaygram/Pods-Delaygram.debug.xcconfig"; sourceTree = "<group>"; };
		FBD213D75B21E2DE02EF2D5B /* Pods-Delaygram.release.xcconfig */ = {isa = PBXFileReference; includeInIndex = 1; lastKnownFileType = text.xcconfig; name = "Pods-Delaygram.release.xcconfig"; path = "Pods/Target Support Files/Pods-Delaygram/Pods-Delaygram.release.xcconfig"; sourceTree = "<group>"; };
/* End PBXFileReference section */

/* Begin PBXFrameworksBuildPhase section */
		1A4DF3521EA0BD54005B76EF /* Frameworks */ = {
			isa = PBXFrameworksBuildPhase;
			buildActionMask = 2147483647;
			files = (
				D315A1FDFE78D09AF8162430 /* Pods_Delaygram.framework in Frameworks */,
				3D2DA31C1EA33D6000F77298 /* FBSDKCoreKit.framework in Frameworks */,
				3D2DA31E1EA33D6000F77298 /* FBSDKShareKit.framework in Frameworks */,
				3D2DA31D1EA33D6000F77298 /* FBSDKLoginKit.framework in Frameworks */,
				3D2DA31B1EA33D5F00F77298 /* Bolts.framework in Frameworks */,
			);
			runOnlyForDeploymentPostprocessing = 0;
		};
/* End PBXFrameworksBuildPhase section */

/* Begin PBXGroup section */
		1A3E910E1EA0CC5F00769DCC /* LoginFolder */ = {
			isa = PBXGroup;
			children = (
				1A3E910A1EA0CC0A00769DCC /* LoginStoryBoard.storyboard */,
				3D7E9A131EA0D28300492761 /* LoginViewController.swift */,
				3D7E9A151EA0D2B600492761 /* SignupViewController.swift */,
				3D2DA31F1EA4611A00F77298 /* DetailViewController.swift */,
				3D893E951EA5D34A005891A7 /* Delaygram-Bridging-Header.h */,
			);
			name = LoginFolder;
			path = ..;
			sourceTree = "<group>";
		};
		1A3E91101EA0CCC600769DCC /* MainFolder  */ = {
			isa = PBXGroup;
			children = (
				1A4DF35C1EA0BD54005B76EF /* Main.storyboard */,
				3D893E9A1EA62127005891A7 /* EditProfileViewController.swift */,
				7A76C1FA1EA5E0440020C20F /* PersonalProfileViewController.swift */,
				7A15D9791EA45F65004FDD55 /* SearchTableViewCell.swift */,
				7A15D97A1EA45F65004FDD55 /* SearchTableViewCell.xib */,
				7AA23D5D1EA3A0A900DA9C08 /* SearchViewController.swift */,
				1AD145481EA258D100C42B6F /* UploadViewController.swift */,
				1A4DF35A1EA0BD54005B76EF /* ViewController.swift */,
				7A76C1F81EA5CEFE0020C20F /* ExploreViewController.swift */,
				7AC3F4341EA4A4B90023A22F /* testing(nick) */,
			);
			name = "MainFolder ";
			sourceTree = "<group>";
		};
		1A3E91111EA0CCD200769DCC /* ProfileFolder */ = {
			isa = PBXGroup;
			children = (
				1A3E910C1EA0CC2300769DCC /* ProfileStoryBoard.storyboard */,
			);
			name = ProfileFolder;
			sourceTree = "<group>";
		};
		1A4DF34C1EA0BD54005B76EF = {
			isa = PBXGroup;
			children = (
				1A4DF3571EA0BD54005B76EF /* Delaygram */,
				1A4DF3561EA0BD54005B76EF /* Products */,
				D240DC45B8B09449D0AB292B /* Pods */,
				D50CE68CD0563EC5D74D8499 /* Frameworks */,
			);
			sourceTree = "<group>";
		};
		1A4DF3561EA0BD54005B76EF /* Products */ = {
			isa = PBXGroup;
			children = (
				1A4DF3551EA0BD54005B76EF /* Delaygram.app */,
			);
			name = Products;
			sourceTree = "<group>";
		};
		1A4DF3571EA0BD54005B76EF /* Delaygram */ = {
			isa = PBXGroup;
			children = (
				3D893E941EA5D2A6005891A7 /* Delaygram.entitlements */,
				1AECA3491EA20DA8003236F1 /* Universal Classes */,
				1A3E910E1EA0CC5F00769DCC /* LoginFolder */,
				1A3E91111EA0CCD200769DCC /* ProfileFolder */,
				1A3E91101EA0CCC600769DCC /* MainFolder  */,
				1A4DF35F1EA0BD54005B76EF /* Assets.xcassets */,
				1A4DF3611EA0BD54005B76EF /* LaunchScreen.storyboard */,
				1A4DF3641EA0BD54005B76EF /* Info.plist */,
				1A4DF36A1EA0C027005B76EF /* GoogleService-Info.plist */,
			);
			path = Delaygram;
			sourceTree = "<group>";
		};
		1AECA3491EA20DA8003236F1 /* Universal Classes */ = {
			isa = PBXGroup;
			children = (
				1A4DF3581EA0BD54005B76EF /* AppDelegate.swift */,
				1AECA3471EA20D4D003236F1 /* User.swift */,
				1AECA3431EA1FE18003236F1 /* picturePost.swift */,
				1AECA33F1EA1E651003236F1 /* picturePostViewCell.swift */,
				1AECA3401EA1E651003236F1 /* picturePostViewCell.xib */,
				1AD1454A1EA371C800C42B6F /* Extensions.swift */,
				7A76C2001EA60D610020C20F /* PeoplePostViewCell.swift */,
				7A76C2011EA60D610020C20F /* PeoplePostViewCell.xib */,
			);
			name = "Universal Classes";
			sourceTree = "<group>";
		};
		7AC3F4341EA4A4B90023A22F /* testing(nick) */ = {
			isa = PBXGroup;
			children = (
				7AC3F4321EA4A4170023A22F /* CustomImageFlowLayout.swift */,
				7AC3F42E1EA4A23E0023A22F /* testCollectionViewCell.swift */,
				7AC3F4301EA4A25A0023A22F /* testSearchViewController.swift */,
			);
			name = "testing(nick)";
			sourceTree = "<group>";
		};
		D240DC45B8B09449D0AB292B /* Pods */ = {
			isa = PBXGroup;
			children = (
				DB353FD1B3DBA1CA0D489731 /* Pods-Delaygram.debug.xcconfig */,
				FBD213D75B21E2DE02EF2D5B /* Pods-Delaygram.release.xcconfig */,
			);
			name = Pods;
			sourceTree = "<group>";
		};
		D50CE68CD0563EC5D74D8499 /* Frameworks */ = {
			isa = PBXGroup;
			children = (
				16542BBE5D7CD165DD8D2B63 /* Pods_Delaygram.framework */,
				3D2DA3171EA33D5F00F77298 /* Bolts.framework */,
				3D2DA3181EA33D5F00F77298 /* FBSDKCoreKit.framework */,
				3D2DA3191EA33D5F00F77298 /* FBSDKLoginKit.framework */,
				3D2DA31A1EA33D5F00F77298 /* FBSDKShareKit.framework */,
			);
			name = Frameworks;
			sourceTree = "<group>";
		};
/* End PBXGroup section */

/* Begin PBXNativeTarget section */
		1A4DF3541EA0BD54005B76EF /* Delaygram */ = {
			isa = PBXNativeTarget;
			buildConfigurationList = 1A4DF3671EA0BD54005B76EF /* Build configuration list for PBXNativeTarget "Delaygram" */;
			buildPhases = (
				530AB5BAE1BDF6313AA384FB /* [CP] Check Pods Manifest.lock */,
				1A4DF3511EA0BD54005B76EF /* Sources */,
				1A4DF3521EA0BD54005B76EF /* Frameworks */,
				1A4DF3531EA0BD54005B76EF /* Resources */,
				BACA6EA7CDFB7452C30F8E93 /* [CP] Embed Pods Frameworks */,
				CC83E6D98971E00C4D02E40C /* [CP] Copy Pods Resources */,
			);
			buildRules = (
			);
			dependencies = (
			);
			name = Delaygram;
			productName = Delaygram;
			productReference = 1A4DF3551EA0BD54005B76EF /* Delaygram.app */;
			productType = "com.apple.product-type.application";
		};
/* End PBXNativeTarget section */

/* Begin PBXProject section */
		1A4DF34D1EA0BD54005B76EF /* Project object */ = {
			isa = PBXProject;
			attributes = {
				LastSwiftUpdateCheck = 0820;
				LastUpgradeCheck = 0820;
				ORGANIZATIONNAME = TeamDiamonds;
				TargetAttributes = {
					1A4DF3541EA0BD54005B76EF = {
						CreatedOnToolsVersion = 8.2.1;
						DevelopmentTeam = ZQ547JDPVM;
						LastSwiftMigration = 0830;
						ProvisioningStyle = Automatic;
						SystemCapabilities = {
							com.apple.Keychain = {
								enabled = 1;
							};
						};
					};
				};
			};
			buildConfigurationList = 1A4DF3501EA0BD54005B76EF /* Build configuration list for PBXProject "Delaygram" */;
			compatibilityVersion = "Xcode 3.2";
			developmentRegion = English;
			hasScannedForEncodings = 0;
			knownRegions = (
				en,
				Base,
			);
			mainGroup = 1A4DF34C1EA0BD54005B76EF;
			productRefGroup = 1A4DF3561EA0BD54005B76EF /* Products */;
			projectDirPath = "";
			projectRoot = "";
			targets = (
				1A4DF3541EA0BD54005B76EF /* Delaygram */,
			);
		};
/* End PBXProject section */

/* Begin PBXResourcesBuildPhase section */
		1A4DF3531EA0BD54005B76EF /* Resources */ = {
			isa = PBXResourcesBuildPhase;
			buildActionMask = 2147483647;
			files = (
				1A4DF3631EA0BD54005B76EF /* LaunchScreen.storyboard in Resources */,
				7A15D97C1EA45F65004FDD55 /* SearchTableViewCell.xib in Resources */,
				1A4DF36B1EA0C027005B76EF /* GoogleService-Info.plist in Resources */,
				1A4DF3601EA0BD54005B76EF /* Assets.xcassets in Resources */,
				1A3E910B1EA0CC0A00769DCC /* LoginStoryBoard.storyboard in Resources */,
				1A4DF35E1EA0BD54005B76EF /* Main.storyboard in Resources */,
				7A76C2031EA60D610020C20F /* PeoplePostViewCell.xib in Resources */,
				1A3E910D1EA0CC2300769DCC /* ProfileStoryBoard.storyboard in Resources */,
				1AECA3421EA1E651003236F1 /* picturePostViewCell.xib in Resources */,
			);
			runOnlyForDeploymentPostprocessing = 0;
		};
/* End PBXResourcesBuildPhase section */

/* Begin PBXShellScriptBuildPhase section */
		530AB5BAE1BDF6313AA384FB /* [CP] Check Pods Manifest.lock */ = {
			isa = PBXShellScriptBuildPhase;
			buildActionMask = 2147483647;
			files = (
			);
			inputPaths = (
			);
			name = "[CP] Check Pods Manifest.lock";
			outputPaths = (
			);
			runOnlyForDeploymentPostprocessing = 0;
			shellPath = /bin/sh;
			shellScript = "diff \"${PODS_ROOT}/../Podfile.lock\" \"${PODS_ROOT}/Manifest.lock\" > /dev/null\nif [ $? != 0 ] ; then\n    # print error to STDERR\n    echo \"error: The sandbox is not in sync with the Podfile.lock. Run 'pod install' or update your CocoaPods installation.\" >&2\n    exit 1\nfi\n";
			showEnvVarsInLog = 0;
		};
		BACA6EA7CDFB7452C30F8E93 /* [CP] Embed Pods Frameworks */ = {
			isa = PBXShellScriptBuildPhase;
			buildActionMask = 2147483647;
			files = (
			);
			inputPaths = (
			);
			name = "[CP] Embed Pods Frameworks";
			outputPaths = (
			);
			runOnlyForDeploymentPostprocessing = 0;
			shellPath = /bin/sh;
			shellScript = "\"${SRCROOT}/Pods/Target Support Files/Pods-Delaygram/Pods-Delaygram-frameworks.sh\"\n";
			showEnvVarsInLog = 0;
		};
		CC83E6D98971E00C4D02E40C /* [CP] Copy Pods Resources */ = {
			isa = PBXShellScriptBuildPhase;
			buildActionMask = 2147483647;
			files = (
			);
			inputPaths = (
			);
			name = "[CP] Copy Pods Resources";
			outputPaths = (
			);
			runOnlyForDeploymentPostprocessing = 0;
			shellPath = /bin/sh;
			shellScript = "\"${SRCROOT}/Pods/Target Support Files/Pods-Delaygram/Pods-Delaygram-resources.sh\"\n";
			showEnvVarsInLog = 0;
		};
/* End PBXShellScriptBuildPhase section */

/* Begin PBXSourcesBuildPhase section */
		1A4DF3511EA0BD54005B76EF /* Sources */ = {
			isa = PBXSourcesBuildPhase;
			buildActionMask = 2147483647;
			files = (
				3D2DA3201EA4611A00F77298 /* DetailViewController.swift in Sources */,
				7AA23D5E1EA3A0A900DA9C08 /* SearchViewController.swift in Sources */,
				3D7E9A141EA0D28300492761 /* LoginViewController.swift in Sources */,
				1AD1454B1EA371C800C42B6F /* Extensions.swift in Sources */,
				7A76C1F91EA5CEFE0020C20F /* ExploreViewController.swift in Sources */,
				7A76C2021EA60D610020C20F /* PeoplePostViewCell.swift in Sources */,
				1AD145491EA258D100C42B6F /* UploadViewController.swift in Sources */,
				3D893E9B1EA62127005891A7 /* EditProfileViewController.swift in Sources */,
				7A15D97B1EA45F65004FDD55 /* SearchTableViewCell.swift in Sources */,
				1AECA3411EA1E651003236F1 /* picturePostViewCell.swift in Sources */,
				1A4DF35B1EA0BD54005B76EF /* ViewController.swift in Sources */,
				3D7E9A161EA0D2B600492761 /* SignupViewController.swift in Sources */,
				7A76C1FB1EA5E0440020C20F /* PersonalProfileViewController.swift in Sources */,
				7AC3F4331EA4A4170023A22F /* CustomImageFlowLayout.swift in Sources */,
				1AECA3481EA20D4D003236F1 /* User.swift in Sources */,
				7AC3F4311EA4A25A0023A22F /* testSearchViewController.swift in Sources */,
				7AC3F42F1EA4A23E0023A22F /* testCollectionViewCell.swift in Sources */,
				1AECA3441EA1FE18003236F1 /* picturePost.swift in Sources */,
				1A4DF3591EA0BD54005B76EF /* AppDelegate.swift in Sources */,
			);
			runOnlyForDeploymentPostprocessing = 0;
		};
/* End PBXSourcesBuildPhase section */

/* Begin PBXVariantGroup section */
		1A4DF35C1EA0BD54005B76EF /* Main.storyboard */ = {
			isa = PBXVariantGroup;
			children = (
				1A4DF35D1EA0BD54005B76EF /* Base */,
			);
			name = Main.storyboard;
			sourceTree = "<group>";
		};
		1A4DF3611EA0BD54005B76EF /* LaunchScreen.storyboard */ = {
			isa = PBXVariantGroup;
			children = (
				1A4DF3621EA0BD54005B76EF /* Base */,
			);
			name = LaunchScreen.storyboard;
			sourceTree = "<group>";
		};
/* End PBXVariantGroup section */

/* Begin XCBuildConfiguration section */
		1A4DF3651EA0BD54005B76EF /* Debug */ = {
			isa = XCBuildConfiguration;
			buildSettings = {
				ALWAYS_SEARCH_USER_PATHS = NO;
				CLANG_ANALYZER_NONNULL = YES;
				CLANG_CXX_LANGUAGE_STANDARD = "gnu++0x";
				CLANG_CXX_LIBRARY = "libc++";
				CLANG_ENABLE_MODULES = YES;
				CLANG_ENABLE_OBJC_ARC = YES;
				CLANG_WARN_BOOL_CONVERSION = YES;
				CLANG_WARN_CONSTANT_CONVERSION = YES;
				CLANG_WARN_DIRECT_OBJC_ISA_USAGE = YES_ERROR;
				CLANG_WARN_DOCUMENTATION_COMMENTS = YES;
				CLANG_WARN_EMPTY_BODY = YES;
				CLANG_WARN_ENUM_CONVERSION = YES;
				CLANG_WARN_INFINITE_RECURSION = YES;
				CLANG_WARN_INT_CONVERSION = YES;
				CLANG_WARN_OBJC_ROOT_CLASS = YES_ERROR;
				CLANG_WARN_SUSPICIOUS_MOVE = YES;
				CLANG_WARN_UNREACHABLE_CODE = YES;
				CLANG_WARN__DUPLICATE_METHOD_MATCH = YES;
				"CODE_SIGN_IDENTITY[sdk=iphoneos*]" = "iPhone Developer";
				COPY_PHASE_STRIP = NO;
				DEBUG_INFORMATION_FORMAT = dwarf;
				ENABLE_STRICT_OBJC_MSGSEND = YES;
				ENABLE_TESTABILITY = YES;
				GCC_C_LANGUAGE_STANDARD = gnu99;
				GCC_DYNAMIC_NO_PIC = NO;
				GCC_NO_COMMON_BLOCKS = YES;
				GCC_OPTIMIZATION_LEVEL = 0;
				GCC_PREPROCESSOR_DEFINITIONS = (
					"DEBUG=1",
					"$(inherited)",
				);
				GCC_WARN_64_TO_32_BIT_CONVERSION = YES;
				GCC_WARN_ABOUT_RETURN_TYPE = YES_ERROR;
				GCC_WARN_UNDECLARED_SELECTOR = YES;
				GCC_WARN_UNINITIALIZED_AUTOS = YES_AGGRESSIVE;
				GCC_WARN_UNUSED_FUNCTION = YES;
				GCC_WARN_UNUSED_VARIABLE = YES;
				IPHONEOS_DEPLOYMENT_TARGET = 10.2;
				MTL_ENABLE_DEBUG_INFO = YES;
				ONLY_ACTIVE_ARCH = YES;
				SDKROOT = iphoneos;
				SWIFT_ACTIVE_COMPILATION_CONDITIONS = DEBUG;
				SWIFT_OPTIMIZATION_LEVEL = "-Onone";
				TARGETED_DEVICE_FAMILY = "1,2";
			};
			name = Debug;
		};
		1A4DF3661EA0BD54005B76EF /* Release */ = {
			isa = XCBuildConfiguration;
			buildSettings = {
				ALWAYS_SEARCH_USER_PATHS = NO;
				CLANG_ANALYZER_NONNULL = YES;
				CLANG_CXX_LANGUAGE_STANDARD = "gnu++0x";
				CLANG_CXX_LIBRARY = "libc++";
				CLANG_ENABLE_MODULES = YES;
				CLANG_ENABLE_OBJC_ARC = YES;
				CLANG_WARN_BOOL_CONVERSION = YES;
				CLANG_WARN_CONSTANT_CONVERSION = YES;
				CLANG_WARN_DIRECT_OBJC_ISA_USAGE = YES_ERROR;
				CLANG_WARN_DOCUMENTATION_COMMENTS = YES;
				CLANG_WARN_EMPTY_BODY = YES;
				CLANG_WARN_ENUM_CONVERSION = YES;
				CLANG_WARN_INFINITE_RECURSION = YES;
				CLANG_WARN_INT_CONVERSION = YES;
				CLANG_WARN_OBJC_ROOT_CLASS = YES_ERROR;
				CLANG_WARN_SUSPICIOUS_MOVE = YES;
				CLANG_WARN_UNREACHABLE_CODE = YES;
				CLANG_WARN__DUPLICATE_METHOD_MATCH = YES;
				"CODE_SIGN_IDENTITY[sdk=iphoneos*]" = "iPhone Developer";
				COPY_PHASE_STRIP = NO;
				DEBUG_INFORMATION_FORMAT = "dwarf-with-dsym";
				ENABLE_NS_ASSERTIONS = NO;
				ENABLE_STRICT_OBJC_MSGSEND = YES;
				GCC_C_LANGUAGE_STANDARD = gnu99;
				GCC_NO_COMMON_BLOCKS = YES;
				GCC_WARN_64_TO_32_BIT_CONVERSION = YES;
				GCC_WARN_ABOUT_RETURN_TYPE = YES_ERROR;
				GCC_WARN_UNDECLARED_SELECTOR = YES;
				GCC_WARN_UNINITIALIZED_AUTOS = YES_AGGRESSIVE;
				GCC_WARN_UNUSED_FUNCTION = YES;
				GCC_WARN_UNUSED_VARIABLE = YES;
				IPHONEOS_DEPLOYMENT_TARGET = 10.2;
				MTL_ENABLE_DEBUG_INFO = NO;
				SDKROOT = iphoneos;
				SWIFT_OPTIMIZATION_LEVEL = "-Owholemodule";
				TARGETED_DEVICE_FAMILY = "1,2";
				VALIDATE_PRODUCT = YES;
			};
			name = Release;
		};
		1A4DF3681EA0BD54005B76EF /* Debug */ = {
			isa = XCBuildConfiguration;
			baseConfigurationReference = DB353FD1B3DBA1CA0D489731 /* Pods-Delaygram.debug.xcconfig */;
			buildSettings = {
				ALWAYS_SEARCH_USER_PATHS = NO;
				ASSETCATALOG_COMPILER_APPICON_NAME = AppIcon;
				CLANG_ENABLE_MODULES = YES;
				CODE_SIGN_ENTITLEMENTS = Delaygram/Delaygram.entitlements;
				DEVELOPMENT_TEAM = ZQ547JDPVM;
				FRAMEWORK_SEARCH_PATHS = (
					"$(inherited)",
					"\"$PODS_CONFIGURATION_BUILD_DIR/GTMSessionFetcher\"",
					"\"$PODS_CONFIGURATION_BUILD_DIR/GoogleToolboxForMac\"",
					"\"${PODS_ROOT}/FirebaseAnalytics/Frameworks\"",
					"\"${PODS_ROOT}/FirebaseAuth/Frameworks\"",
					"\"${PODS_ROOT}/FirebaseCore/Frameworks\"",
					"\"${PODS_ROOT}/FirebaseDatabase/Frameworks\"",
					"\"${PODS_ROOT}/FirebaseInstanceID/Frameworks\"",
					"\"${PODS_ROOT}/FirebaseStorage/Frameworks\"",
					"~/Documents/Programs/FacebookSDKs-iOS-4.21.0",
				);
				INFOPLIST_FILE = Delaygram/Info.plist;
				LD_RUNPATH_SEARCH_PATHS = "$(inherited) @executable_path/Frameworks";
				LIBRARY_SEARCH_PATHS = "/Documents/Programs/FacebookSDKs-iOS-4.21.0";
				PRODUCT_BUNDLE_IDENTIFIER = com.nextacademy.Delaygram;
				PRODUCT_NAME = "$(TARGET_NAME)";
				SWIFT_OBJC_BRIDGING_HEADER = "Delaygram-Bridging-Header.h";
				SWIFT_OPTIMIZATION_LEVEL = "-Onone";
				SWIFT_VERSION = 3.0;
			};
			name = Debug;
		};
		1A4DF3691EA0BD54005B76EF /* Release */ = {
			isa = XCBuildConfiguration;
			baseConfigurationReference = FBD213D75B21E2DE02EF2D5B /* Pods-Delaygram.release.xcconfig */;
			buildSettings = {
				ALWAYS_SEARCH_USER_PATHS = NO;
				ASSETCATALOG_COMPILER_APPICON_NAME = AppIcon;
				CLANG_ENABLE_MODULES = YES;
				CODE_SIGN_ENTITLEMENTS = Delaygram/Delaygram.entitlements;
				DEVELOPMENT_TEAM = ZQ547JDPVM;
				FRAMEWORK_SEARCH_PATHS = (
					"$(inherited)",
					"\"$PODS_CONFIGURATION_BUILD_DIR/GTMSessionFetcher\"",
					"\"$PODS_CONFIGURATION_BUILD_DIR/GoogleToolboxForMac\"",
					"\"${PODS_ROOT}/FirebaseAnalytics/Frameworks\"",
					"\"${PODS_ROOT}/FirebaseAuth/Frameworks\"",
					"\"${PODS_ROOT}/FirebaseCore/Frameworks\"",
					"\"${PODS_ROOT}/FirebaseDatabase/Frameworks\"",
					"\"${PODS_ROOT}/FirebaseInstanceID/Frameworks\"",
					"\"${PODS_ROOT}/FirebaseStorage/Frameworks\"",
				);
				INFOPLIST_FILE = Delaygram/Info.plist;
				LD_RUNPATH_SEARCH_PATHS = "$(inherited) @executable_path/Frameworks";
				LIBRARY_SEARCH_PATHS = "/Documents/Programs/FacebookSDKs-iOS-4.21.0";
				PRODUCT_BUNDLE_IDENTIFIER = com.nextacademy.Delaygram;
				PRODUCT_NAME = "$(TARGET_NAME)";
				SWIFT_OBJC_BRIDGING_HEADER = "Delaygram-Bridging-Header.h";
				SWIFT_VERSION = 3.0;
			};
			name = Release;
		};
/* End XCBuildConfiguration section */

/* Begin XCConfigurationList section */
		1A4DF3501EA0BD54005B76EF /* Build configuration list for PBXProject "Delaygram" */ = {
			isa = XCConfigurationList;
			buildConfigurations = (
				1A4DF3651EA0BD54005B76EF /* Debug */,
				1A4DF3661EA0BD54005B76EF /* Release */,
			);
			defaultConfigurationIsVisible = 0;
			defaultConfigurationName = Release;
		};
		1A4DF3671EA0BD54005B76EF /* Build configuration list for PBXNativeTarget "Delaygram" */ = {
			isa = XCConfigurationList;
			buildConfigurations = (
				1A4DF3681EA0BD54005B76EF /* Debug */,
				1A4DF3691EA0BD54005B76EF /* Release */,
			);
			defaultConfigurationIsVisible = 0;
			defaultConfigurationName = Release;
		};
/* End XCConfigurationList section */
	};
	rootObject = 1A4DF34D1EA0BD54005B76EF /* Project object */;
}
